
Microsoft Visual Studio Solution File, Format Version 12.00
# Visual Studio Version 17
VisualStudioVersion = 17.13.35919.96 d17.13
MinimumVisualStudioVersion = 10.0.40219.1
Project("{FAE04EC0-301F-11D3-BF4B-00C04F79EFBC}") = "CS_DemoGenerics", "CS_DemoGenerics\CS_DemoGenerics.csproj", "{0B66F097-DE94-4A04-A34B-674280DFBDBE}"
EndProject
Global
	GlobalSection(SolutionConfigurationPlatforms) = preSolution
		Debug|Any CPU = Debug|Any CPU
		Release|Any CPU = Release|Any CPU
	EndGlobalSection
	GlobalSection(ProjectConfigurationPlatforms) = postSolution
		{0B66F097-DE94-4A04-A34B-674280DFBDBE}.Debug|Any CPU.ActiveCfg = Debug|Any CPU
		{0B66F097-DE94-4A04-A34B-674280DFBDBE}.Debug|Any CPU.Build.0 = Debug|Any CPU
		{0B66F097-DE94-4A04-A34B-674280DFBDBE}.Release|Any CPU.ActiveCfg = Release|Any CPU
		{0B66F097-DE94-4A04-A34B-674280DFBDBE}.Release|Any CPU.Build.0 = Release|Any CPU
	EndGlobalSection
	GlobalSection(SolutionProperties) = preSolution
		HideSolutionNode = FALSE
	EndGlobalSection
	GlobalSection(ExtensibilityGlobals) = postSolution
		SolutionGuid = {7E7DAFCD-0D69-42FD-BCDA-62E56DE56785}
	EndGlobalSection
EndGlobal
