
Microsoft Visual Studio Solution File, Format Version 12.00
# Visual Studio Version 17
VisualStudioVersion = 17.13.35919.96 d17.13
MinimumVisualStudioVersion = 10.0.40219.1
Project("{FAE04EC0-301F-11D3-BF4B-00C04F79EFBC}") = "CS_DemoDelegates", "CS_DemoDelegates\CS_DemoDelegates.csproj", "{FC0C0A6C-CB32-4208-97D6-B9E4A164E278}"
EndProject
Global
	GlobalSection(SolutionConfigurationPlatforms) = preSolution
		Debug|Any CPU = Debug|Any CPU
		Release|Any CPU = Release|Any CPU
	EndGlobalSection
	GlobalSection(ProjectConfigurationPlatforms) = postSolution
		{FC0C0A6C-CB32-4208-97D6-B9E4A164E278}.Debug|Any CPU.ActiveCfg = Debug|Any CPU
		{FC0C0A6C-CB32-4208-97D6-B9E4A164E278}.Debug|Any CPU.Build.0 = Debug|Any CPU
		{FC0C0A6C-CB32-4208-97D6-B9E4A164E278}.Release|Any CPU.ActiveCfg = Release|Any CPU
		{FC0C0A6C-CB32-4208-97D6-B9E4A164E278}.Release|Any CPU.Build.0 = Release|Any CPU
	EndGlobalSection
	GlobalSection(SolutionProperties) = preSolution
		HideSolutionNode = FALSE
	EndGlobalSection
	GlobalSection(ExtensibilityGlobals) = postSolution
		SolutionGuid = {6DF7EE54-BC37-445D-ADF3-C93AA332D72F}
	EndGlobalSection
EndGlobal
