
Microsoft Visual Studio Solution File, Format Version 12.00
# Visual Studio Version 17
VisualStudioVersion = 17.13.35919.96 d17.13
MinimumVisualStudioVersion = 10.0.40219.1
Project("{FAE04EC0-301F-11D3-BF4B-00C04F79EFBC}") = "CS_DemoReflection", "CS_DemoReflection\CS_DemoReflection.csproj", "{A430432C-760A-4FFD-A255-3FBAFB8D94FC}"
EndProject
Global
	GlobalSection(SolutionConfigurationPlatforms) = preSolution
		Debug|Any CPU = Debug|Any CPU
		Release|Any CPU = Release|Any CPU
	EndGlobalSection
	GlobalSection(ProjectConfigurationPlatforms) = postSolution
		{A430432C-760A-4FFD-A255-3FBAFB8D94FC}.Debug|Any CPU.ActiveCfg = Debug|Any CPU
		{A430432C-760A-4FFD-A255-3FBAFB8D94FC}.Debug|Any CPU.Build.0 = Debug|Any CPU
		{A430432C-760A-4FFD-A255-3FBAFB8D94FC}.Release|Any CPU.ActiveCfg = Release|Any CPU
		{A430432C-760A-4FFD-A255-3FBAFB8D94FC}.Release|Any CPU.Build.0 = Release|Any CPU
	EndGlobalSection
	GlobalSection(SolutionProperties) = preSolution
		HideSolutionNode = FALSE
	EndGlobalSection
	GlobalSection(ExtensibilityGlobals) = postSolution
		SolutionGuid = {B14E22D7-666A-4FC4-9E84-67C83FB49C7B}
	EndGlobalSection
EndGlobal
